[[package]]
category = "main"
description = "asyncio (PEP 3156) Redis support"
name = "aioredis"
optional = false
python-versions = "*"
version = "1.2.0"

[package.dependencies]
async-timeout = "*"
hiredis = "*"

[[package]]
category = "main"
description = "A configurable sidebar-enabled Sphinx theme"
name = "alabaster"
optional = false
python-versions = "*"
version = "0.7.12"

[[package]]
category = "dev"
description = "A small Python module for determining appropriate platform-specific dirs, e.g. a \"user data dir\"."
name = "appdirs"
optional = false
python-versions = "*"
version = "1.4.3"

[[package]]
category = "main"
description = "ASGI specs, helper code, and adapters"
name = "asgiref"
optional = false
python-versions = "*"
version = "2.3.2"

[package.dependencies]
async-timeout = ">=2.0,<4.0"

[[package]]
category = "dev"
description = "An abstract syntax tree for Python with inference support."
name = "astroid"
optional = false
python-versions = ">=3.4.*"
version = "2.1.0"

[package.dependencies]
lazy-object-proxy = "*"
six = "*"
wrapt = "*"

[package.dependencies.typed-ast]
python = "<3.7"
version = "*"

[[package]]
category = "main"
description = "Timeout context manager for asyncio programs"
name = "async-timeout"
optional = false
python-versions = ">=3.5.3"
version = "3.0.1"

[[package]]
category = "main"
description = "Classes Without Boilerplate"
name = "attrs"
optional = false
python-versions = "*"
version = "18.2.0"

[[package]]
category = "main"
description = "WebSocket client & server library, WAMP real-time framework"
name = "autobahn"
optional = false
python-versions = "*"
version = "19.1.1"

[package.dependencies]
six = ">=1.11.0"
txaio = ">=18.8.1"

[[package]]
category = "main"
description = "Self-service finite-state machines for the programmer on the go."
name = "automat"
optional = false
python-versions = "*"
version = "0.7.0"

[package.dependencies]
attrs = ">=16.1.0"
six = "*"

[[package]]
category = "main"
description = "Internationalization utilities"
name = "babel"
optional = false
python-versions = ">=2.7, !=3.0.*, !=3.1.*, !=3.2.*, !=3.3.*"
version = "2.6.0"

[package.dependencies]
pytz = ">=0a"

[[package]]
category = "dev"
description = "The uncompromising code formatter."
name = "black"
optional = false
python-versions = ">=3.6"
version = "18.9b0"

[package.dependencies]
appdirs = "*"
attrs = ">=17.4.0"
click = ">=6.5"
toml = ">=0.9.4"

[[package]]
category = "main"
description = "Responsive Theme for Django Admin With Sidebar Menu (Django 1.11)"
name = "bootstrap-admin"
optional = false
python-versions = "*"
version = "0.4.0"

[[package]]
category = "main"
description = "Python package for providing Mozilla's CA Bundle."
name = "certifi"
optional = false
python-versions = "*"
version = "2018.11.29"

[[package]]
category = "main"
description = "Brings async, event-driven capabilities to Django. Django 1.11 and up only."
name = "channels"
optional = false
python-versions = ">=3.5"
version = "2.1.6"

[package.dependencies]
Django = ">=1.11"
asgiref = ">=2.3,<3.0"
daphne = ">=2.2,<3.0"

[[package]]
category = "main"
description = "Redis-backed ASGI channel layer implementation"
name = "channels-redis"
optional = false
python-versions = ">=3.6"
version = "2.3.3"

[package.dependencies]
aioredis = ">=1.0,<2.0"
asgiref = ">=2.1,<3.0"
channels = ">=2.0,<3.0"
msgpack = ">=0.6.0,<0.7.0"

[[package]]
category = "main"
description = "Universal encoding detector for Python 2 and 3"
name = "chardet"
optional = false
python-versions = "*"
version = "3.0.4"

[[package]]
category = "dev"
description = "Composable command line interface toolkit"
name = "click"
optional = false
python-versions = ">=2.7, !=3.0.*, !=3.1.*, !=3.2.*, !=3.3.*"
version = "7.0"

[[package]]
category = "main"
description = "Cross-platform colored terminal text."
marker = "sys_platform == \"win32\""
name = "colorama"
optional = false
python-versions = ">=2.7, !=3.0.*, !=3.1.*, !=3.2.*, !=3.3.*"
version = "0.4.1"

[[package]]
category = "main"
description = "Symbolic constants in Python"
name = "constantly"
optional = false
python-versions = "*"
version = "15.1.0"

[[package]]
category = "main"
description = "Django ASGI (HTTP/WebSocket) server"
name = "daphne"
optional = false
python-versions = "*"
version = "2.2.4"

[package.dependencies]
autobahn = ">=0.18"
twisted = ">=18.7"

[[package]]
category = "main"
description = "A high-level Python Web framework that encourages rapid development and clean, pragmatic design."
name = "django"
optional = false
python-versions = ">=3.5"
version = "2.1.5"

[package.dependencies]
pytz = "*"

[[package]]
category = "main"
description = "Django model mixins and utilities"
name = "django-model-utils"
optional = false
python-versions = "*"
version = "3.1.2"

[package.dependencies]
Django = ">=1.8"

[[package]]
category = "main"
description = "Web APIs for Django, made easy."
name = "djangorestframework"
optional = false
python-versions = ">=2.7, !=3.0.*, !=3.1.*, !=3.2.*, !=3.3.*"
version = "3.9.1"

[[package]]
category = "main"
description = "Seamless integration between Django REST framework and Datatables (https://datatables.net)"
name = "djangorestframework-datatables"
optional = false
python-versions = "*"
version = "0.4.1"

[package.dependencies]
djangorestframework = ">=3.5.0"

[[package]]
category = "main"
description = "Serialize a partial subset of fields in the API"
name = "djangorestframework-queryfields"
optional = false
python-versions = "*"
version = "1.0.0"

[[package]]
category = "main"
description = "Docutils -- Python Documentation Utilities"
name = "docutils"
optional = false
python-versions = "*"
version = "0.14"

[[package]]
category = "main"
description = "Python wrapper for hiredis"
name = "hiredis"
optional = false
python-versions = ">=2.7, !=3.0.*, !=3.1.*, !=3.2.*, !=3.3.*"
version = "1.0.0"

[[package]]
category = "main"
description = "A featureful, immutable, and correct URL for Python."
name = "hyperlink"
optional = false
python-versions = "*"
version = "18.0.0"

[package.dependencies]
idna = ">=2.5"

[[package]]
category = "main"
description = "Internationalized Domain Names in Applications (IDNA)"
name = "idna"
optional = false
python-versions = ">=2.7, !=3.0.*, !=3.1.*, !=3.2.*, !=3.3.*"
version = "2.8"

[[package]]
category = "main"
description = "Getting image size from png/jpeg/jpeg2000/gif file"
name = "imagesize"
optional = false
python-versions = ">=2.7, !=3.0.*, !=3.1.*, !=3.2.*, !=3.3.*"
version = "1.1.0"

[[package]]
category = "main"
description = ""
name = "incremental"
optional = false
python-versions = "*"
version = "17.5.0"

[[package]]
category = "dev"
description = "A Python utility / library to sort Python imports."
name = "isort"
optional = false
python-versions = ">=2.7, !=3.0.*, !=3.1.*, !=3.2.*, !=3.3.*"
version = "4.3.4"

[[package]]
category = "main"
description = "A small but fast and easy to use stand-alone template engine written in pure python."
name = "jinja2"
optional = false
python-versions = "*"
version = "2.10"

[package.dependencies]
MarkupSafe = ">=0.23"

[[package]]
category = "dev"
description = "A fast and thorough lazy object proxy."
name = "lazy-object-proxy"
optional = false
python-versions = "*"
version = "1.3.1"

[[package]]
category = "main"
description = "Markdown and reStructuredText in a single file."
name = "m2r"
optional = false
python-versions = "*"
version = "0.2.1"

[package.dependencies]
docutils = "*"
mistune = "*"

[[package]]
category = "main"
description = "Safely add untrusted strings to HTML/XML markup."
name = "markupsafe"
optional = false
python-versions = ">=2.7,!=3.0.*,!=3.1.*,!=3.2.*,!=3.3.*"
version = "1.1.0"

[[package]]
category = "dev"
description = "McCabe checker, plugin for flake8"
name = "mccabe"
optional = false
python-versions = "*"
version = "0.6.1"

[[package]]
category = "main"
description = "The fastest markdown parser in pure Python"
name = "mistune"
optional = false
python-versions = "*"
version = "0.8.4"

[[package]]
category = "main"
description = "MessagePack (de)serializer."
name = "msgpack"
optional = false
python-versions = "*"
version = "0.6.1"

[[package]]
category = "main"
description = "Core utilities for Python packages"
name = "packaging"
optional = false
python-versions = ">=2.7, !=3.0.*, !=3.1.*, !=3.2.*, !=3.3.*"
version = "19.0"

[package.dependencies]
pyparsing = ">=2.0.2"
six = "*"

[[package]]
category = "main"
description = "(Soon to be) the fastest pure-Python PEG parser I could muster"
name = "parsimonious"
optional = false
python-versions = "*"
version = "0.7.0"

[package.dependencies]
six = "*"

[[package]]
category = "main"
description = "Pygments is a syntax highlighting package written in Python."
name = "pygments"
optional = false
python-versions = "*"
version = "2.3.1"

[[package]]
category = "main"
description = "Hamcrest framework for matcher objects"
name = "pyhamcrest"
optional = false
python-versions = "*"
version = "1.9.0"

[package.dependencies]
setuptools = "*"
six = "*"

[[package]]
category = "dev"
description = "python code static checker"
name = "pylint"
optional = false
python-versions = ">=3.4.*"
version = "2.2.2"

[package.dependencies]
astroid = ">=2.0.0"
colorama = "*"
isort = ">=4.2.5"
mccabe = "*"

[[package]]
category = "main"
description = "Python parsing module"
name = "pyparsing"
optional = false
python-versions = "*"
version = "2.3.1"

[[package]]
category = "main"
description = "World timezone definitions, modern and historical"
name = "pytz"
optional = false
python-versions = "*"
version = "2018.9"

[[package]]
category = "main"
description = "Python for Window Extensions"
name = "pywin32"
optional = true
python-versions = "*"
version = "224"

[[package]]
category = "main"
description = "Python HTTP for Humans."
name = "requests"
optional = false
python-versions = ">=2.7, !=3.0.*, !=3.1.*, !=3.2.*, !=3.3.*"
version = "2.21.0"

[package.dependencies]
certifi = ">=2017.4.17"
chardet = ">=3.0.2,<3.1.0"
idna = ">=2.5,<2.9"
urllib3 = ">=1.21.1,<1.25"

[[package]]
category = "main"
description = "Python 2 and 3 compatibility utilities"
name = "six"
optional = false
python-versions = ">=2.6, !=3.0.*, !=3.1.*"
version = "1.12.0"

[[package]]
category = "main"
description = "This package provides 16 stemmer algorithms (15 + Poerter English stemmer) generated from Snowball algorithms."
name = "snowballstemmer"
optional = false
python-versions = "*"
version = "1.2.1"

[[package]]
category = "main"
description = "Python documentation generator"
name = "sphinx"
optional = false
python-versions = ">=2.7, !=3.0.*, !=3.1.*, !=3.2.*, !=3.3.*"
version = "1.8.3"

[package.dependencies]
Jinja2 = ">=2.3"
Pygments = ">=2.0"
alabaster = ">=0.7,<0.8"
babel = ">=1.3,<2.0 || >2.0"
colorama = ">=0.3.5"
docutils = ">=0.11"
imagesize = "*"
packaging = "*"
requests = ">=2.0.0"
setuptools = "*"
six = ">=1.5"
snowballstemmer = ">=1.1"
sphinxcontrib-websupport = "*"

[[package]]
category = "main"
description = "Support for using Sphinx on JSDoc-documented JS code"
name = "sphinx-js"
optional = false
python-versions = "*"
version = "2.7.1"

[package.dependencies]
Jinja2 = ">2.0,<3.0"
Sphinx = "<2.0"
docutils = "*"
parsimonious = ">=0.7.0,<0.8.0"
six = ">=1.9.0,<2.0"

[[package]]
category = "main"
description = "Read the Docs theme for Sphinx"
name = "sphinx-rtd-theme"
optional = false
python-versions = "*"
version = "0.4.2"

[package.dependencies]
sphinx = "*"

[[package]]
category = "main"
description = "Sphinx API for Web Apps"
name = "sphinxcontrib-websupport"
optional = false
python-versions = ">=2.7, !=3.0.*, !=3.1.*, !=3.2.*, !=3.3.*"
version = "1.1.0"

[[package]]
category = "dev"
description = "Python Library for Tom's Obvious, Minimal Language"
name = "toml"
optional = false
python-versions = "*"
version = "0.10.0"

[[package]]
category = "main"
description = "An asynchronous networking framework written in Python"
name = "twisted"
optional = false
python-versions = "*"
version = "18.9.0"

[package.dependencies]
Automat = ">=0.3.0"
PyHamcrest = ">=1.9.0"
attrs = ">=17.4.0"
constantly = ">=15.1"
hyperlink = ">=17.1.1"
incremental = ">=16.10.1"
"zope.interface" = ">=4.4.2"

[[package]]
category = "main"
description = "Compatibility API between asyncio/Twisted/Trollius"
name = "txaio"
optional = false
python-versions = "*"
version = "18.8.1"

[package.dependencies]
six = "*"

[[package]]
category = "dev"
description = "a fork of Python 2 and 3 ast modules with type comment support"
marker = "python_version < \"3.7\" and implementation_name == \"cpython\""
name = "typed-ast"
optional = false
python-versions = "*"
version = "1.3.0"

[[package]]
category = "main"
description = "HTTP library with thread-safe connection pooling, file post, and more."
name = "urllib3"
optional = false
python-versions = ">=2.7, !=3.0.*, !=3.1.*, !=3.2.*, !=3.3.*, <4"
version = "1.24.1"

[[package]]
category = "dev"
description = "Black, but White instead (PEP8 line–lengths)."
name = "white"
optional = false
python-versions = ">=3.6.0"
version = "0.1.2"

[[package]]
category = "main"
description = "Radically simplified static file serving for WSGI applications"
name = "whitenoise"
optional = false
python-versions = "*"
version = "4.1.2"

[[package]]
category = "dev"
description = "Module for decorators, wrappers and monkey patching."
name = "wrapt"
optional = false
python-versions = "*"
version = "1.11.1"

[[package]]
category = "main"
description = "Interfaces for Python"
name = "zope.interface"
optional = false
python-versions = ">=2.7, !=3.0.*, !=3.1.*, !=3.2.*, !=3.3.*"
version = "4.6.0"

[package.dependencies]
setuptools = "*"

[extras]
windows = ["pywin32"]

[metadata]
content-hash = "a8e645ecd0f9ad655a31a6c729b3ddda2d1663136b60278f8f7988c905324493"
python-versions = "^3.6"

[metadata.hashes]
aioredis = ["84d62be729beb87118cf126c20b0e3f52d7a42bb7373dc5bcdd874f26f1f251a", "aee16aa5cb3f636cf8fa0e2b62d2f6abc90366e19b5c30e94a5471d834a55975"]
alabaster = ["446438bdcca0e05bd45ea2de1668c1d9b032e1a9154c2c259092d77031ddd359", "a661d72d58e6ea8a57f7a86e37d86716863ee5e92788398526d58b26a4e4dc02"]
appdirs = ["9e5896d1372858f8dd3344faf4e5014d21849c756c8d5701f78f8a103b372d92", "d8b24664561d0d34ddfaec54636d502d7cea6e29c3eaf68f3df6180863e2166e"]
asgiref = ["9b05dcd41a6a89ca8c6e7f7e4089c3f3e76b5af60aebb81ae6d455ad81989c97", "b21dc4c43d7aba5a844f4c48b8f49d56277bc34937fd9f9cb93ec97fde7e3082"]
astroid = ["35b032003d6a863f5dcd7ec11abd5cd5893428beaa31ab164982403bcb311f22", "6a5d668d7dc69110de01cdf7aeec69a679ef486862a0850cc0fd5571505b6b7e"]
async-timeout = ["0c3c816a028d47f659d6ff5c745cb2acf1f966da1fe5c19c77a70282b25f4c5f", "4291ca197d287d274d0b6cb5d6f8f8f82d434ed288f962539ff18cc9012f9ea3"]
attrs = ["10cbf6e27dbce8c30807caf056c8eb50917e0eaafe86347671b57254006c3e69", "ca4be454458f9dec299268d472aaa5a11f67a4ff70093396e1ceae9c76cf4bbb"]
autobahn = ["598037a4064fc4bee4acf63e8c27f3d94c15bf37a5e51d560f03850eced79c6d", "aebbadb700c13792a2967c79002855d1153b9ec8f2949d169e908388699596ff"]
automat = ["cbd78b83fa2d81fe2a4d23d258e1661dd7493c9a50ee2f1a5b2cac61c1793b0e", "fdccab66b68498af9ecfa1fa43693abe546014dd25cf28543cbe9d1334916a58"]
babel = ["6778d85147d5d85345c14a26aada5e478ab04e39b078b0745ee6870c2b5cf669", "8cba50f48c529ca3fa18cf81fa9403be176d374ac4d60738b839122dfaaa3d23"]
black = ["817243426042db1d36617910df579a54f1afd659adb96fc5032fcf4b36209739", "e030a9a28f542debc08acceb273f228ac422798e5215ba2a791a6ddeaaca22a5"]
bootstrap-admin = ["21747448e7bd71ac45b0534596b45f3226cacd7db85c948b944a36b2cd107a17", "68e8e3f9465e5462a7285039ba8c5982eb8182e67ffa40f4d8851ba534ec20fa"]
certifi = ["47f9c83ef4c0c621eaef743f133f09fa8a74a9b75f037e8624f83bd1b6626cb7", "993f830721089fef441cdfeb4b2c8c9df86f0c63239f06bd025a76a7daddb033"]
channels = ["4d3ab89b746d43fd10865c5da0dca8660504efe8b89d5795183ea958efe41597", "5e0d7bc623c497d16d43e9bbb81a5ceaae4e2a06ead50dc1a47d64743d5f9772"]
channels-redis = ["3f84ebce1e20e339c099ac0ea336fdc6a599882eee4f2a01b394d766488c9d45", "9efc458d730a03b40ef1146427126711f848d2e1a9333ff929bd5f018b742d3b"]
chardet = ["84ab92ed1c4d4f16916e05906b6b75a6c0fb5db821cc65e70cbd64a3e2a5eaae", "fc323ffcaeaed0e0a02bf4d117757b98aed530d9ed4531e3e15460124c106691"]
click = ["2335065e6395b9e67ca716de5f7526736bfa6ceead690adf616d925bdc622b13", "5b94b49521f6456670fdb30cd82a4eca9412788a93fa6dd6df72c94d5a8ff2d7"]
colorama = ["05eed71e2e327246ad6b38c540c4a3117230b19679b875190486ddd2d721422d", "f8ac84de7840f5b9c4e3347b3c1eaa50f7e49c2b07596221daec5edaabbd7c48"]
constantly = ["586372eb92059873e29eba4f9dec8381541b4d3834660707faf8ba59146dfc35", "dd2fa9d6b1a51a83f0d7dd76293d734046aa176e384bf6e33b7e44880eb37c5d"]
daphne = ["0aafeb5199d564db675d5640bece6072cbd4af8c4f818938f08dac70b31c5841", "d22567197361782736e2031e8ba0bf5aaefbe202f66153fe9c1ac5578c292a97"]
django = ["a32c22af23634e1d11425574dce756098e015a165be02e4690179889b207c7a8", "d6393918da830530a9516bbbcbf7f1214c3d733738779f06b0f649f49cc698c3"]
django-model-utils = ["2c057f3bf0859aba27f04389f0cedd2d48f8c9b3848acb86fd9970794e58f477", "8cd377744aa45f9f131d652ec460c57d1aaa88d3e9b586c8e27eb709341b9084"]
djangorestframework = ["79c6efbb2514bc50cf25906d7c0a5cfead714c7af667ff4bd110312cd380ae66", "a4138613b67e3a223be6c97f53b13d759c5b90d2b433bad670b8ebf95402075f"]
djangorestframework-datatables = ["a8c0671fb5390e70962fcabac7099f3f9140a84dee1b1eb9acbce800a42407f3", "cccd8eb82fc4b398e7c0419a4c08b13ddbabc09f3f2604be397de469f9059e5e"]
djangorestframework-queryfields = ["6c1d61404e1308158b2a360f0913aed5b5a60f66ee3239345b12f5e1f1458947", "f10fb59d3364b527c8df7f10d69d0c51745610bbd5dd00b6374357bf449f7980"]
docutils = ["02aec4bd92ab067f6ff27a38a38a41173bf01bed8f89157768c1573f53e474a6", "51e64ef2ebfb29cae1faa133b3710143496eca21c530f3f71424d77687764274", "7a4bd47eaf6596e1295ecb11361139febe29b084a87bf005bf899f9a42edc3c6"]
hiredis = ["0124911115f2cb7deb4f8e221e109a53d3d718174b238a2c5e2162175a3929a5", "0656658d0448c2c82c4890ae933c2c2e51196101d3d06fc19cc92e062410c2fd", "09d284619f7142ddd7a4ffa94c12a0445e834737f4ce8739a737f2b1ca0f6142", "12299b7026e5dc22ed0ff603375c1bf583cf59adbb0e4d062df434e9140d72dd", "12fc6210f8dc3e9c8ce4b95e8f5db404b838dbdeb25bca41e33497de6d89334f", "197febe5e63c77f4ad19b36e15ed33152064dc606c8b7413c7a0ca3fd04672cc", "20e48289fbffb59a5ac7cc677fc02c2726c1da22488e5f7636b9feb9afde199f", "26bed296b92b88db02afe214aa1fefad7f9e8ba88a5a7c0e355b55c4b168d212", "321b19d2a21fd576111032fe7694d317de2c11b265ef775f2e3f22734a6b94c8", "32d5f2c461250f5fc7ccef647682651b1d9f69443f16c213d7fa5e183222b233", "36bfcc86715d109a5ef6edefd52b893de97d555cb5cb0e9cab83eb9665942ccc", "438ddfd1484e98110959dc4648c0ba22c3307c9c0ae7e2a856755067f9ce9cef", "66f17c1633b2fb967bf4165f7b3d369a1bdfe3537d3646cf9a7c208506c96c49", "94ab0fa3ac93ab36a5400c474439881d182b43fd38a2766d984470c57931ae88", "955f12da861f2608c181049f623bbb52851769e10639c4919cc586395b89813f", "b1fd831f96ce0f715e9356574f5184b840b59eb8901fc5f9124fedbe84ad2a59", "b3813c641494fca2eda66c32a2117816472a5a39b12f59f7887c6d17bdb8c77e", "bbc3ee8663024c82a1226a0d56ad882f42a2fd8c2999bf52d27bdd25f1320f4b", "bd12c2774b574f5b209196e25b03b5d62c7919bf69046bc7b955ebe84e0ec1fe", "c54d2b3d7a2206df35f3c1140ac20ca6faf7819ff92ea5be8bf4d1cbdb433216", "c7b0bcaf2353a2ad387dd8b5e1b5f55991adc3a7713ac3345a4ef0de58276690", "c9319a1503efb3b5a4ec13b2f8fae2c23610a645e999cb8954d330f0610b0f6d", "cbe5c0273224babe2ec77058643312d07aa5e8fed08901b3f7bccaa744c5728e", "cc884ea50185009d794b31314a144110efc76b71beb0a5827a8bff970ae6d248", "d1e2e751327781ad81df5a5a29d7c7b19ee0ebfbeddf037fd8df19ec1c06e18b", "d2ef58cece6cae4b354411df498350d836f10b814c8a890df0d8079aff30c518", "e97c953f08729900a5e740f1760305434d62db9f281ac351108d6c4b5bf51795", "fcdf2e10f56113e1cb4326dbca7bf7edbfdbd246cd6d7ec088688e5439129e2c"]
hyperlink = ["98da4218a56b448c7ec7d2655cb339af1f7d751cf541469bb4fc28c4a4245b34", "f01b4ff744f14bc5d0a22a6b9f1525ab7d6312cb0ff967f59414bbac52f0a306"]
idna = ["c357b3f628cf53ae2c4c05627ecc484553142ca23264e593d327bcde5e9c3407", "ea8b7f6188e6fa117537c3df7da9fc686d485087abf6ac197f9c46432f7e4a3c"]
imagesize = ["3f349de3eb99145973fefb7dbe38554414e5c30abd0c8e4b970a7c9d09f3a1d8", "f3832918bc3c66617f92e35f5d70729187676313caa60c187eb0f28b8fe5e3b5"]
incremental = ["717e12246dddf231a349175f48d74d93e2897244939173b01974ab6661406b9f", "7b751696aaf36eebfab537e458929e194460051ccad279c72b755a167eebd4b3"]
isort = ["1153601da39a25b14ddc54955dbbacbb6b2d19135386699e2ad58517953b34af", "b9c40e9750f3d77e6e4d441d8b0266cf555e7cdabdcff33c4fd06366ca761ef8", "ec9ef8f4a9bc6f71eec99e1806bfa2de401650d996c59330782b89a5555c1497"]
jinja2 = ["74c935a1b8bb9a3947c50a54766a969d4846290e1e788ea44c1392163723c3bd", "f84be1bb0040caca4cea721fcbbbbd61f9be9464ca236387158b0feea01914a4"]
lazy-object-proxy = ["0ce34342b419bd8f018e6666bfef729aec3edf62345a53b537a4dcc115746a33", "1b668120716eb7ee21d8a38815e5eb3bb8211117d9a90b0f8e21722c0758cc39", "209615b0fe4624d79e50220ce3310ca1a9445fd8e6d3572a896e7f9146bbf019", "27bf62cb2b1a2068d443ff7097ee33393f8483b570b475db8ebf7e1cba64f088", "27ea6fd1c02dcc78172a82fc37fcc0992a94e4cecf53cb6d73f11749825bd98b", "2c1b21b44ac9beb0fc848d3993924147ba45c4ebc24be19825e57aabbe74a99e", "2df72ab12046a3496a92476020a1a0abf78b2a7db9ff4dc2036b8dd980203ae6", "320ffd3de9699d3892048baee45ebfbbf9388a7d65d832d7e580243ade426d2b", "50e3b9a464d5d08cc5227413db0d1c4707b6172e4d4d915c1c70e4de0bbff1f5", "5276db7ff62bb7b52f77f1f51ed58850e315154249aceb42e7f4c611f0f847ff", "61a6cf00dcb1a7f0c773ed4acc509cb636af2d6337a08f362413c76b2b47a8dd", "6ae6c4cb59f199d8827c5a07546b2ab7e85d262acaccaacd49b62f53f7c456f7", "7661d401d60d8bf15bb5da39e4dd72f5d764c5aff5a86ef52a042506e3e970ff", "7bd527f36a605c914efca5d3d014170b2cb184723e423d26b1fb2fd9108e264d", "7cb54db3535c8686ea12e9535eb087d32421184eacc6939ef15ef50f83a5e7e2", "7f3a2d740291f7f2c111d86a1c4851b70fb000a6c8883a59660d95ad57b9df35", "81304b7d8e9c824d058087dcb89144842c8e0dea6d281c031f59f0acf66963d4", "933947e8b4fbe617a51528b09851685138b49d511af0b6c0da2539115d6d4514", "94223d7f060301b3a8c09c9b3bc3294b56b2188e7d8179c762a1cda72c979252", "ab3ca49afcb47058393b0122428358d2fbe0408cf99f1b58b295cfeb4ed39109", "bd6292f565ca46dee4e737ebcc20742e3b5be2b01556dafe169f6c65d088875f", "cb924aa3e4a3fb644d0c463cad5bc2572649a6a3f68a7f8e4fbe44aaa6d77e4c", "d0fc7a286feac9077ec52a927fc9fe8fe2fabab95426722be4c953c9a8bede92", "ddc34786490a6e4ec0a855d401034cbd1242ef186c20d79d2166d6a4bd449577", "e34b155e36fa9da7e1b7c738ed7767fc9491a62ec6af70fe9da4a057759edc2d", "e5b9e8f6bda48460b7b143c3821b21b452cb3a835e6bbd5dd33aa0c8d3f5137d", "e81ebf6c5ee9684be8f2c87563880f93eedd56dd2b6146d8a725b50b7e5adb0f", "eb91be369f945f10d3a49f5f9be8b3d0b93a4c2be8f8a5b83b0571b8123e0a7a", "f460d1ceb0e4a5dcb2a652db0904224f367c9b3c1470d5a7683c0480e582468b"]
m2r = ["bf90bad66cda1164b17e5ba4a037806d2443f2a4d5ddc9f6a5554a0322aaed99"]
markupsafe = ["048ef924c1623740e70204aa7143ec592504045ae4429b59c30054cb31e3c432", "130f844e7f5bdd8e9f3f42e7102ef1d49b2e6fdf0d7526df3f87281a532d8c8b", "19f637c2ac5ae9da8bfd98cef74d64b7e1bb8a63038a3505cd182c3fac5eb4d9", "1b8a7a87ad1b92bd887568ce54b23565f3fd7018c4180136e1cf412b405a47af", "1c25694ca680b6919de53a4bb3bdd0602beafc63ff001fea2f2fc16ec3a11834", "1f19ef5d3908110e1e891deefb5586aae1b49a7440db952454b4e281b41620cd", "1fa6058938190ebe8290e5cae6c351e14e7bb44505c4a7624555ce57fbbeba0d", "31cbb1359e8c25f9f48e156e59e2eaad51cd5242c05ed18a8de6dbe85184e4b7", "3e835d8841ae7863f64e40e19477f7eb398674da6a47f09871673742531e6f4b", "4e97332c9ce444b0c2c38dd22ddc61c743eb208d916e4265a2a3b575bdccb1d3", "525396ee324ee2da82919f2ee9c9e73b012f23e7640131dd1b53a90206a0f09c", "52b07fbc32032c21ad4ab060fec137b76eb804c4b9a1c7c7dc562549306afad2", "52ccb45e77a1085ec5461cde794e1aa037df79f473cbc69b974e73940655c8d7", "5c3fbebd7de20ce93103cb3183b47671f2885307df4a17a0ad56a1dd51273d36", "5e5851969aea17660e55f6a3be00037a25b96a9b44d2083651812c99d53b14d1", "5edfa27b2d3eefa2210fb2f5d539fbed81722b49f083b2c6566455eb7422fd7e", "7d263e5770efddf465a9e31b78362d84d015cc894ca2c131901a4445eaa61ee1", "83381342bfc22b3c8c06f2dd93a505413888694302de25add756254beee8449c", "857eebb2c1dc60e4219ec8e98dfa19553dae33608237e107db9c6078b1167856", "98e439297f78fca3a6169fd330fbe88d78b3bb72f967ad9961bcac0d7fdd1550", "bf54103892a83c64db58125b3f2a43df6d2cb2d28889f14c78519394feb41492", "d9ac82be533394d341b41d78aca7ed0e0f4ba5a2231602e2f05aa87f25c51672", "e982fe07ede9fada6ff6705af70514a52beb1b2c3d25d4e873e82114cf3c5401", "edce2ea7f3dfc981c4ddc97add8a61381d9642dc3273737e756517cc03e84dd6", "efdc45ef1afc238db84cb4963aa689c0408912a0239b0721cb172b4016eb31d6", "f137c02498f8b935892d5c0172560d7ab54bc45039de8805075e19079c639a9c", "f82e347a72f955b7017a39708a3667f106e6ad4d10b25f237396a7115d8ed5fd", "fb7c206e01ad85ce57feeaaa0bf784b97fa3cad0d4a5737bc5295785f5c613a1"]
mccabe = ["ab8a6258860da4b6677da4bd2fe5dc2c659cff31b3ee4f7f5d64e79735b80d42", "dd8d182285a0fe56bace7f45b5e7d1a6ebcbf524e8f3bd87eb0f125271b8831f"]
mistune = ["59a3429db53c50b5c6bcc8a07f8848cb00d7dc8bdb431a4ab41920d201d4756e", "88a1051873018da288eee8538d476dffe1262495144b33ecb586c4ab266bb8d4"]
msgpack = ["26cb40116111c232bc235ce131cc3b4e76549088cb154e66a2eb8ff6fcc907ec", "300fd3f2c664a3bf473d6a952f843b4a71454f4c592ed7e74a36b205c1782d28", "3129c355342853007de4a2a86e75eab966119733eb15748819b6554363d4e85c", "31f6d645ee5a97d59d3263fab9e6be76f69fa131cddc0d94091a3c8aca30d67a", "3ce7ef7ee2546c3903ca8c934d09250531b80c6127e6478781ae31ed835aac4c", "4008c72f5ef2b7936447dcb83db41d97e9791c83221be13d5e19db0796df1972", "62bd8e43d204580308d477a157b78d3fee2fb4c15d32578108dc5d89866036c8", "70cebfe08fb32f83051971264466eadf183101e335d8107b80002e632f425511", "72cb7cf85e9df5251abd7b61a1af1fb77add15f40fa7328e924a9c0b6bc7a533", "7c55649965c35eb32c499d17dadfb8f53358b961582846e1bc06f66b9bccc556", "86b963a5de11336ec26bc4f839327673c9796b398b9f1fe6bb6150c2a5d00f0f", "8c73c9bcdfb526247c5e4f4f6cf581b9bb86b388df82cfcaffde0a6e7bf3b43a", "8e68c76c6aff4849089962d25346d6784d38e02baa23ffa513cf46be72e3a540", "97ac6b867a8f63debc64f44efdc695109d541ecc361ee2dce2c8884ab37360a1", "9d4f546af72aa001241d74a79caec278bcc007b4bcde4099994732e98012c858", "a28e69fe5468c9f5251c7e4e7232286d71b7dfadc74f312006ebe984433e9746", "fd509d4aa95404ce8d86b4e32ce66d5d706fd6646c205e1c2a715d87078683a2"]
packaging = ["0c98a5d0be38ed775798ece1b9727178c4469d9c3b4ada66e8e6b7849f8732af", "9e1cbf8c12b1f1ce0bb5344b8d7ecf66a6f8a6e91bcb0c84593ed6d3ab5c4ab3"]
parsimonious = ["396d424f64f834f9463e81ba79a331661507a21f1ed7b644f7f6a744006fd938"]
pygments = ["5ffada19f6203563680669ee7f53b64dabbeb100eb51b61996085e99c03b284a", "e8218dd399a61674745138520d0d4cf2621d7e032439341bc3f647bff125818d"]
pyhamcrest = ["6b672c02fdf7470df9674ab82263841ce8333fb143f32f021f6cb26f0e512420", "7a4bdade0ed98c699d728191a058a60a44d2f9c213c51e2dd1e6fb42f2c6128a", "8ffaa0a53da57e89de14ced7185ac746227a8894dbd5a3c718bf05ddbd1d56cd", "bac0bea7358666ce52e3c6c85139632ed89f115e9af52d44b3c36e0bf8cf16a9", "f30e9a310bcc1808de817a92e95169ffd16b60cbc5a016a49c8d0e8ababfae79"]
pylint = ["689de29ae747642ab230c6d37be2b969bf75663176658851f456619aacf27492", "771467c434d0d9f081741fec1d64dfb011ed26e65e12a28fe06ca2f61c4d556c"]
pyparsing = ["66c9268862641abcac4a96ba74506e594c884e3f57690a696d21ad8210ed667a", "f6c5ef0d7480ad048c054c37632c67fca55299990fff127850181659eea33fc3"]
pytz = ["32b0891edff07e28efe91284ed9c31e123d84bea3fd98e1f72be2508f43ef8d9", "d5f05e487007e29e03409f9398d074e158d920d36eb82eaf66fb1136b0c5374c"]
pywin32 = ["22e218832a54ed206452c8f3ca9eff07ef327f8e597569a4c2828be5eaa09a77", "32b37abafbfeddb0fe718008d6aada5a71efa2874f068bee1f9e703983dcc49a", "35451edb44162d2f603b5b18bd427bc88fcbc74849eaa7a7e7cfe0f507e5c0c8", "4eda2e1e50faa706ff8226195b84fbcbd542b08c842a9b15e303589f85bfb41c", "5f265d72588806e134c8e1ede8561739071626ea4cc25c12d526aa7b82416ae5", "6852ceac5fdd7a146b570655c37d9eacd520ed1eaeec051ff41c6fc94243d8bf", "6dbc4219fe45ece6a0cc6baafe0105604fdee551b5e876dc475d3955b77190ec", "9bd07746ce7f2198021a9fa187fa80df7b221ec5e4c234ab6f00ea355a3baf99"]
requests = ["502a824f31acdacb3a35b6690b5fbf0bc41d63a24a45c4004352b0242707598e", "7bf2a778576d825600030a110f3c0e3e8edc51dfaafe1c146e39a2027784957b"]
six = ["3350809f0555b11f552448330d0b52d5f24c91a322ea4a15ef22629740f3761c", "d16a0141ec1a18405cd4ce8b4613101da75da0e9a7aec5bdd4fa804d0e0eba73"]
snowballstemmer = ["919f26a68b2c17a7634da993d91339e288964f93c274f1343e3bbbe2096e1128", "9f3bcd3c401c3e862ec0ebe6d2c069ebc012ce142cce209c098ccb5b09136e89"]
sphinx = ["429e3172466df289f0f742471d7e30ba3ee11f3b5aecd9a840480d03f14bcfe5", "c4cb17ba44acffae3d3209646b6baec1e215cad3065e852c68cc569d4df1b9f8"]
sphinx-js = ["daa5a9da8f43aaeccf6cf696194d86a3a10c2e0210c392c15f95df2112fc6f6c"]
sphinx-rtd-theme = ["02f02a676d6baabb758a20c7a479d58648e0f64f13e07d1b388e9bb2afe86a09", "d0f6bc70f98961145c5b0e26a992829363a197321ba571b31b24ea91879e0c96"]
sphinxcontrib-websupport = ["68ca7ff70785cbe1e7bccc71a48b5b6d965d79ca50629606c7861a21b206d9dd", "9de47f375baf1ea07cdb3436ff39d7a9c76042c10a769c52353ec46e4e8fc3b9"]
toml = ["229f81c57791a41d65e399fc06bf0848bab550a9dfd5ed66df18ce5f05e73d5c", "235682dd292d5899d361a811df37e04a8828a5b1da3115886b73cf81ebc9100e", "f1db651f9657708513243e61e6cc67d101a39bad662eaa9b5546f789338e07a3"]
twisted = ["294be2c6bf84ae776df2fc98e7af7d6537e1c5e60a46d33c3ce2a197677da395"]
txaio = ["67e360ac73b12c52058219bb5f8b3ed4105d2636707a36a7cdafb56fe06db7fe", "b6b235d432cc58ffe111b43e337db71a5caa5d3eaa88f0eacf60b431c7626ef5"]
typed-ast = ["05b0fa87c5eabbbfaa28727adf18dc758c8afa4df2b7b2bb82ff95f3dad5eb24", "3031f55fc790d8838d08190477fd3536c9d18019ed6ea94455721f4320f8ab31", "3e7fac848e8278daa323f5e496df9c009993a0258861683463a173021cb9ee11", "442c505d2476796780e66140f68fdaf97baa19cf96511a52d41b51581d7f864f", "44afe8609e5ec041dcbe61b391fc5466084f58c4c6554563223f8aff92b04200", "584e9ae9b2aaa59f3535c06c595a3bf0419b0feef3a3511ff42b2b4ee4222f13", "5f403aef76934191cc0d8b0a657e058f9cce418f0851db9a8af092ea5cc79d9c", "6b1ddb53b1a079e4eb206df51e5d5e00bdb0b8e0a7990420c56ae79d3f1baec8", "8fbd7856774b7b65eef67163bb802fbffa18a4ccf548d2c040f3b956084c4951", "ab1739be98c346b4c223a28f4f2beaadd0417044f0e58a3b0b719a7ecb7d0e48", "b57566f67c24c8bde48ba67daa7862ebfef15012780684f688af9734c93f26af", "b980201ee3af335779a716a0d870be94d55385275d7c8fed7e5f3d9daaffb8b4", "bf0ad5d68226cbe11cd91e4e9713a93ad26d6c6de46b94d2a51a8d29f8c1e2b1", "c5f540eb30d52c7048b5fe52511247ab6c0bc80c23339e2b8642584efd3bb556", "daaca1e06690cb612a3b96ff20c9905e9c342de8cb504587a1707b91d2596271", "dacce1b97aaddeae2abbba8ecdb40bc8c3ff688ce295b2849730dcc5e82141c5", "daf72be36ebbeee7b6aa946195e5b59f1add22f5308e855a947fbd26ddecfbf1", "db629063c0ea5fd631924e27ff92a5419beeeb342d2a20b20e52c7c1a3d6b535", "e5698741ac0fb21ae5b1d5e92774b5ceda498f98f7a53270e0b4d516d20f07a0"]
urllib3 = ["61bf29cada3fc2fbefad4fdf059ea4bd1b4a86d2b6d15e1c7c0b582b9752fe39", "de9529817c93f27c8ccbfead6985011db27bd0ddfcdb2d86f3f663385c6a9c22"]
white = ["45e2c7f54de1facc60bf0a726b480cdc43422aad57c3a0bc5ba54cb536696683", "bca98066256cfff6fb85ec36b95cc5913c888c170a8407c340786972b06c6f8f"]
whitenoise = ["118ab3e5f815d380171b100b05b76de2a07612f422368a201a9ffdeefb2251c1", "42133ddd5229eeb6a0c9899496bdbe56c292394bf8666da77deeb27454c0456a"]
wrapt = ["4aea003270831cceb8a90ff27c4031da6ead7ec1886023b80ce0dfe0adf61533"]
"zope.interface" = ["086707e0f413ff8800d9c4bc26e174f7ee4c9c8b0302fbad68d083071822316c", "1157b1ec2a1f5bf45668421e3955c60c610e31913cc695b407a574efdbae1f7b", "11ebddf765bff3bbe8dbce10c86884d87f90ed66ee410a7e6c392086e2c63d02", "14b242d53f6f35c2d07aa2c0e13ccb710392bcd203e1b82a1828d216f6f6b11f", "1b3d0dcabc7c90b470e59e38a9acaa361be43b3a6ea644c0063951964717f0e5", "20a12ab46a7e72b89ce0671e7d7a6c3c1ca2c2766ac98112f78c5bddaa6e4375", "298f82c0ab1b182bd1f34f347ea97dde0fffb9ecf850ecf7f8904b8442a07487", "2f6175722da6f23dbfc76c26c241b67b020e1e83ec7fe93c9e5d3dd18667ada2", "3b877de633a0f6d81b600624ff9137312d8b1d0f517064dfc39999352ab659f0", "4265681e77f5ac5bac0905812b828c9fe1ce80c6f3e3f8574acfb5643aeabc5b", "550695c4e7313555549aa1cdb978dc9413d61307531f123558e438871a883d63", "5f4d42baed3a14c290a078e2696c5f565501abde1b2f3f1a1c0a94fbf6fbcc39", "62dd71dbed8cc6a18379700701d959307823b3b2451bdc018594c48956ace745", "7040547e5b882349c0a2cc9b50674b1745db551f330746af434aad4f09fba2cc", "7e099fde2cce8b29434684f82977db4e24f0efa8b0508179fce1602d103296a2", "7e5c9a5012b2b33e87980cee7d1c82412b2ebabcb5862d53413ba1a2cfde23aa", "81295629128f929e73be4ccfdd943a0906e5fe3cdb0d43ff1e5144d16fbb52b1", "95cc574b0b83b85be9917d37cd2fad0ce5a0d21b024e1a5804d044aabea636fc", "968d5c5702da15c5bf8e4a6e4b67a4d92164e334e9c0b6acf080106678230b98", "9e998ba87df77a85c7bed53240a7257afe51a07ee6bc3445a0bf841886da0b97", "a0c39e2535a7e9c195af956610dba5a1073071d2d85e9d2e5d789463f63e52ab", "a15e75d284178afe529a536b0e8b28b7e107ef39626a7809b4ee64ff3abc9127", "a6a6ff82f5f9b9702478035d8f6fb6903885653bff7ec3a1e011edc9b1a7168d", "b639f72b95389620c1f881d94739c614d385406ab1d6926a9ffe1c8abbea23fe", "bad44274b151d46619a7567010f7cde23a908c6faa84b97598fd2f474a0c6891", "bbcef00d09a30948756c5968863316c949d9cedbc7aabac5e8f0ffbdb632e5f1", "d788a3999014ddf416f2dc454efa4a5dbeda657c6aba031cf363741273804c6b", "eed88ae03e1ef3a75a0e96a55a99d7937ed03e53d0cffc2451c208db445a2966", "f99451f3a579e73b5dd58b1b08d1179791d49084371d9a47baad3b22417f0317"]
